
Microsoft Visual Studio Solution File, Format Version 12.00
# Visual Studio Version 16
VisualStudioVersion = 16.0.31410.357
MinimumVisualStudioVersion = 10.0.40219.1
Project("{FAE04EC0-301F-11D3-BF4B-00C04F79EFBC}") = "eBankingAPI", "eBankingAPI\eBankingAPI.csproj", "{19602284-207C-437F-A7BA-991023ED9388}"
EndProject
Global
	GlobalSection(SolutionConfigurationPlatforms) = preSolution
		Debug|Any CPU = Debug|Any CPU
		Release|Any CPU = Release|Any CPU
	EndGlobalSection
	GlobalSection(ProjectConfigurationPlatforms) = postSolution
		{19602284-207C-437F-A7BA-991023ED9388}.Debug|Any CPU.ActiveCfg = Debug|Any CPU
		{19602284-207C-437F-A7BA-991023ED9388}.Debug|Any CPU.Build.0 = Debug|Any CPU
		{19602284-207C-437F-A7BA-991023ED9388}.Release|Any CPU.ActiveCfg = Release|Any CPU
		{19602284-207C-437F-A7BA-991023ED9388}.Release|Any CPU.Build.0 = Release|Any CPU
	EndGlobalSection
	GlobalSection(SolutionProperties) = preSolution
		HideSolutionNode = FALSE
	EndGlobalSection
	GlobalSection(ExtensibilityGlobals) = postSolution
		SolutionGuid = {35108ED6-BF6D-454B-B3B2-5915EC53B821}
	EndGlobalSection
EndGlobal
